// !$*UTF8*$!
{
	archiveVersion = 1;
	classes = {
	};
	objectVersion = 46;
	objects = {

/* Begin PBXBuildFile section */
		1B2FA1FB1C4023FC0050F1F8 /* FinderFramework.h in Headers */ = {isa = PBXBuildFile; fileRef = 1B2FA1FA1C4023FC0050F1F8 /* FinderFramework.h */; settings = {ATTRIBUTES = (Public, ); }; };
		1B2FA2021C4023FC0050F1F8 /* FinderFramework.framework in Frameworks */ = {isa = PBXBuildFile; fileRef = 1B2FA1F71C4023FC0050F1F8 /* FinderFramework.framework */; };
		1B2FA2071C4023FC0050F1F8 /* FinderFrameworkTests.swift in Sources */ = {isa = PBXBuildFile; fileRef = 1B2FA2061C4023FC0050F1F8 /* FinderFrameworkTests.swift */; };
		1B2FA2171C40246A0050F1F8 /* FinderImpl.swift in Sources */ = {isa = PBXBuildFile; fileRef = 1B2FA2121C40246A0050F1F8 /* FinderImpl.swift */; };
		1B2FA2181C40246A0050F1F8 /* Finder.swift in Sources */ = {isa = PBXBuildFile; fileRef = 1B2FA2131C40246A0050F1F8 /* Finder.swift */; };
		1B2FA2191C40246A0050F1F8 /* PriorityQueue.swift in Sources */ = {isa = PBXBuildFile; fileRef = 1B2FA2141C40246A0050F1F8 /* PriorityQueue.swift */; };
		1B2FA21A1C40246A0050F1F8 /* Collection2D.swift in Sources */ = {isa = PBXBuildFile; fileRef = 1B2FA2151C40246A0050F1F8 /* Collection2D.swift */; };
		1B2FA21B1C40246A0050F1F8 /* Finder2DImpl.swift in Sources */ = {isa = PBXBuildFile; fileRef = 1B2FA2161C40246A0050F1F8 /* Finder2DImpl.swift */; };
		1B2FA2201C4024D20050F1F8 /* FinderTest.swift in Sources */ = {isa = PBXBuildFile; fileRef = 1B2FA21D1C4024D20050F1F8 /* FinderTest.swift */; };
		1B2FA2211C4024D20050F1F8 /* PriorityQueueTest.swift in Sources */ = {isa = PBXBuildFile; fileRef = 1B2FA21E1C4024D20050F1F8 /* PriorityQueueTest.swift */; };
		1B2FA2221C4024D20050F1F8 /* CollectionNDTest.swift in Sources */ = {isa = PBXBuildFile; fileRef = 1B2FA21F1C4024D20050F1F8 /* CollectionNDTest.swift */; };
		1B2FA2261C4024F30050F1F8 /* TestUtils.swift in Sources */ = {isa = PBXBuildFile; fileRef = 1B2FA2241C4024F30050F1F8 /* TestUtils.swift */; };
		1B2FA2271C4024F30050F1F8 /* TestArrow.swift in Sources */ = {isa = PBXBuildFile; fileRef = 1B2FA2251C4024F30050F1F8 /* TestArrow.swift */; };
/* End PBXBuildFile section */

/* Begin PBXContainerItemProxy section */
		1B2FA2031C4023FC0050F1F8 /* PBXContainerItemProxy */ = {
			isa = PBXContainerItemProxy;
			containerPortal = 1B2FA1EE1C4023FC0050F1F8 /* Project object */;
			proxyType = 1;
			remoteGlobalIDString = 1B2FA1F61C4023FC0050F1F8;
			remoteInfo = FinderFramework;
		};
/* End PBXContainerItemProxy section */

/* Begin PBXFileReference section */
		1B2FA1F71C4023FC0050F1F8 /* FinderFramework.framework */ = {isa = PBXFileReference; explicitFileType = wrapper.framework; includeInIndex = 0; path = FinderFramework.framework; sourceTree = BUILT_PRODUCTS_DIR; };
		1B2FA1FA1C4023FC0050F1F8 /* FinderFramework.h */ = {isa = PBXFileReference; lastKnownFileType = sourcecode.c.h; path = FinderFramework.h; sourceTree = "<group>"; };
		1B2FA1FC1C4023FC0050F1F8 /* Info.plist */ = {isa = PBXFileReference; lastKnownFileType = text.plist.xml; path = Info.plist; sourceTree = "<group>"; };
		1B2FA2011C4023FC0050F1F8 /* FinderFrameworkTests.xctest */ = {isa = PBXFileReference; explicitFileType = wrapper.cfbundle; includeInIndex = 0; path = FinderFrameworkTests.xctest; sourceTree = BUILT_PRODUCTS_DIR; };
		1B2FA2061C4023FC0050F1F8 /* FinderFrameworkTests.swift */ = {isa = PBXFileReference; lastKnownFileType = sourcecode.swift; path = FinderFrameworkTests.swift; sourceTree = "<group>"; };
		1B2FA2081C4023FC0050F1F8 /* Info.plist */ = {isa = PBXFileReference; lastKnownFileType = text.plist.xml; path = Info.plist; sourceTree = "<group>"; };
		1B2FA2121C40246A0050F1F8 /* FinderImpl.swift */ = {isa = PBXFileReference; fileEncoding = 4; lastKnownFileType = sourcecode.swift; path = FinderImpl.swift; sourceTree = "<group>"; };
		1B2FA2131C40246A0050F1F8 /* Finder.swift */ = {isa = PBXFileReference; fileEncoding = 4; lastKnownFileType = sourcecode.swift; path = Finder.swift; sourceTree = "<group>"; };
		1B2FA2141C40246A0050F1F8 /* PriorityQueue.swift */ = {isa = PBXFileReference; fileEncoding = 4; lastKnownFileType = sourcecode.swift; path = PriorityQueue.swift; sourceTree = "<group>"; };
		1B2FA2151C40246A0050F1F8 /* Collection2D.swift */ = {isa = PBXFileReference; fileEncoding = 4; lastKnownFileType = sourcecode.swift; path = Collection2D.swift; sourceTree = "<group>"; };
		1B2FA2161C40246A0050F1F8 /* Finder2DImpl.swift */ = {isa = PBXFileReference; fileEncoding = 4; lastKnownFileType = sourcecode.swift; path = Finder2DImpl.swift; sourceTree = "<group>"; };
		1B2FA21D1C4024D20050F1F8 /* FinderTest.swift */ = {isa = PBXFileReference; fileEncoding = 4; lastKnownFileType = sourcecode.swift; path = FinderTest.swift; sourceTree = "<group>"; };
		1B2FA21E1C4024D20050F1F8 /* PriorityQueueTest.swift */ = {isa = PBXFileReference; fileEncoding = 4; lastKnownFileType = sourcecode.swift; path = PriorityQueueTest.swift; sourceTree = "<group>"; };
		1B2FA21F1C4024D20050F1F8 /* CollectionNDTest.swift */ = {isa = PBXFileReference; fileEncoding = 4; lastKnownFileType = sourcecode.swift; path = CollectionNDTest.swift; sourceTree = "<group>"; };
		1B2FA2241C4024F30050F1F8 /* TestUtils.swift */ = {isa = PBXFileReference; fileEncoding = 4; lastKnownFileType = sourcecode.swift; path = TestUtils.swift; sourceTree = "<group>"; };
		1B2FA2251C4024F30050F1F8 /* TestArrow.swift */ = {isa = PBXFileReference; fileEncoding = 4; lastKnownFileType = sourcecode.swift; path = TestArrow.swift; sourceTree = "<group>"; };
/* End PBXFileReference section */

/* Begin PBXFrameworksBuildPhase section */
		1B2FA1F31C4023FC0050F1F8 /* Frameworks */ = {
			isa = PBXFrameworksBuildPhase;
			buildActionMask = 2147483647;
			files = (
			);
			runOnlyForDeploymentPostprocessing = 0;
		};
		1B2FA1FE1C4023FC0050F1F8 /* Frameworks */ = {
			isa = PBXFrameworksBuildPhase;
			buildActionMask = 2147483647;
			files = (
				1B2FA2021C4023FC0050F1F8 /* FinderFramework.framework in Frameworks */,
			);
			runOnlyForDeploymentPostprocessing = 0;
		};
/* End PBXFrameworksBuildPhase section */

/* Begin PBXGroup section */
		1B2FA1ED1C4023FC0050F1F8 = {
			isa = PBXGroup;
			children = (
				1B2FA1F91C4023FC0050F1F8 /* FinderFramework */,
				1B2FA2051C4023FC0050F1F8 /* FinderFrameworkTests */,
				1B2FA1F81C4023FC0050F1F8 /* Products */,
			);
			sourceTree = "<group>";
		};
		1B2FA1F81C4023FC0050F1F8 /* Products */ = {
			isa = PBXGroup;
			children = (
				1B2FA1F71C4023FC0050F1F8 /* FinderFramework.framework */,
				1B2FA2011C4023FC0050F1F8 /* FinderFrameworkTests.xctest */,
			);
			name = Products;
			sourceTree = "<group>";
		};
		1B2FA1F91C4023FC0050F1F8 /* FinderFramework */ = {
			isa = PBXGroup;
			children = (
				1B2FA2111C4024310050F1F8 /* finder */,
				1B2FA1FA1C4023FC0050F1F8 /* FinderFramework.h */,
				1B2FA1FC1C4023FC0050F1F8 /* Info.plist */,
			);
			path = FinderFramework;
			sourceTree = "<group>";
		};
		1B2FA2051C4023FC0050F1F8 /* FinderFrameworkTests */ = {
			isa = PBXGroup;
			children = (
				1B2FA2231C4024DB0050F1F8 /* common */,
				1B2FA21C1C4024B50050F1F8 /* case */,
				1B2FA2061C4023FC0050F1F8 /* FinderFrameworkTests.swift */,
				1B2FA2081C4023FC0050F1F8 /* Info.plist */,
			);
			path = FinderFrameworkTests;
			sourceTree = "<group>";
		};
		1B2FA2111C4024310050F1F8 /* finder */ = {
			isa = PBXGroup;
			children = (
				1B2FA2121C40246A0050F1F8 /* FinderImpl.swift */,
				1B2FA2131C40246A0050F1F8 /* Finder.swift */,
				1B2FA2141C40246A0050F1F8 /* PriorityQueue.swift */,
				1B2FA2151C40246A0050F1F8 /* Collection2D.swift */,
				1B2FA2161C40246A0050F1F8 /* Finder2DImpl.swift */,
			);
			name = finder;
			sourceTree = "<group>";
		};
		1B2FA21C1C4024B50050F1F8 /* case */ = {
			isa = PBXGroup;
			children = (
				1B2FA21D1C4024D20050F1F8 /* FinderTest.swift */,
				1B2FA21E1C4024D20050F1F8 /* PriorityQueueTest.swift */,
				1B2FA21F1C4024D20050F1F8 /* CollectionNDTest.swift */,
			);
			name = case;
			sourceTree = "<group>";
		};
		1B2FA2231C4024DB0050F1F8 /* common */ = {
			isa = PBXGroup;
			children = (
				1B2FA2241C4024F30050F1F8 /* TestUtils.swift */,
				1B2FA2251C4024F30050F1F8 /* TestArrow.swift */,
			);
			name = common;
			sourceTree = "<group>";
		};
/* End PBXGroup section */

/* Begin PBXHeadersBuildPhase section */
		1B2FA1F41C4023FC0050F1F8 /* Headers */ = {
			isa = PBXHeadersBuildPhase;
			buildActionMask = 2147483647;
			files = (
				1B2FA1FB1C4023FC0050F1F8 /* FinderFramework.h in Headers */,
			);
			runOnlyForDeploymentPostprocessing = 0;
		};
/* End PBXHeadersBuildPhase section */

/* Begin PBXNativeTarget section */
		1B2FA1F61C4023FC0050F1F8 /* FinderFramework */ = {
			isa = PBXNativeTarget;
			buildConfigurationList = 1B2FA20B1C4023FC0050F1F8 /* Build configuration list for PBXNativeTarget "FinderFramework" */;
			buildPhases = (
				1B2FA1F21C4023FC0050F1F8 /* Sources */,
				1B2FA1F31C4023FC0050F1F8 /* Frameworks */,
				1B2FA1F41C4023FC0050F1F8 /* Headers */,
				1B2FA1F51C4023FC0050F1F8 /* Resources */,
			);
			buildRules = (
			);
			dependencies = (
			);
			name = FinderFramework;
			productName = FinderFramework;
			productReference = 1B2FA1F71C4023FC0050F1F8 /* FinderFramework.framework */;
			productType = "com.apple.product-type.framework";
		};
		1B2FA2001C4023FC0050F1F8 /* FinderFrameworkTests */ = {
			isa = PBXNativeTarget;
			buildConfigurationList = 1B2FA20E1C4023FC0050F1F8 /* Build configuration list for PBXNativeTarget "FinderFrameworkTests" */;
			buildPhases = (
				1B2FA1FD1C4023FC0050F1F8 /* Sources */,
				1B2FA1FE1C4023FC0050F1F8 /* Frameworks */,
				1B2FA1FF1C4023FC0050F1F8 /* Resources */,
			);
			buildRules = (
			);
			dependencies = (
				1B2FA2041C4023FC0050F1F8 /* PBXTargetDependency */,
			);
			name = FinderFrameworkTests;
			productName = FinderFrameworkTests;
			productReference = 1B2FA2011C4023FC0050F1F8 /* FinderFrameworkTests.xctest */;
			productType = "com.apple.product-type.bundle.unit-test";
		};
/* End PBXNativeTarget section */

/* Begin PBXProject section */
		1B2FA1EE1C4023FC0050F1F8 /* Project object */ = {
			isa = PBXProject;
			attributes = {
				LastSwiftUpdateCheck = 0710;
				LastUpgradeCheck = 0710;
				ORGANIZATIONNAME = "叶贤辉";
				TargetAttributes = {
					1B2FA1F61C4023FC0050F1F8 = {
						CreatedOnToolsVersion = 7.1.1;
					};
					1B2FA2001C4023FC0050F1F8 = {
						CreatedOnToolsVersion = 7.1.1;
					};
				};
			};
			buildConfigurationList = 1B2FA1F11C4023FC0050F1F8 /* Build configuration list for PBXProject "FinderFramework" */;
			compatibilityVersion = "Xcode 3.2";
			developmentRegion = English;
			hasScannedForEncodings = 0;
			knownRegions = (
				en,
			);
			mainGroup = 1B2FA1ED1C4023FC0050F1F8;
			productRefGroup = 1B2FA1F81C4023FC0050F1F8 /* Products */;
			projectDirPath = "";
			projectRoot = "";
			targets = (
				1B2FA1F61C4023FC0050F1F8 /* FinderFramework */,
				1B2FA2001C4023FC0050F1F8 /* FinderFrameworkTests */,
			);
		};
/* End PBXProject section */

/* Begin PBXResourcesBuildPhase section */
		1B2FA1F51C4023FC0050F1F8 /* Resources */ = {
			isa = PBXResourcesBuildPhase;
			buildActionMask = 2147483647;
			files = (
			);
			runOnlyForDeploymentPostprocessing = 0;
		};
		1B2FA1FF1C4023FC0050F1F8 /* Resources */ = {
			isa = PBXResourcesBuildPhase;
			buildActionMask = 2147483647;
			files = (
			);
			runOnlyForDeploymentPostprocessing = 0;
		};
/* End PBXResourcesBuildPhase section */

/* Begin PBXSourcesBuildPhase section */
		1B2FA1F21C4023FC0050F1F8 /* Sources */ = {
			isa = PBXSourcesBuildPhase;
			buildActionMask = 2147483647;
			files = (
				1B2FA2171C40246A0050F1F8 /* FinderImpl.swift in Sources */,
				1B2FA21B1C40246A0050F1F8 /* Finder2DImpl.swift in Sources */,
				1B2FA2181C40246A0050F1F8 /* Finder.swift in Sources */,
				1B2FA2191C40246A0050F1F8 /* PriorityQueue.swift in Sources */,
				1B2FA21A1C40246A0050F1F8 /* Collection2D.swift in Sources */,
			);
			runOnlyForDeploymentPostprocessing = 0;
		};
		1B2FA1FD1C4023FC0050F1F8 /* Sources */ = {
			isa = PBXSourcesBuildPhase;
			buildActionMask = 2147483647;
			files = (
				1B2FA2071C4023FC0050F1F8 /* FinderFrameworkTests.swift in Sources */,
				1B2FA2201C4024D20050F1F8 /* FinderTest.swift in Sources */,
				1B2FA2211C4024D20050F1F8 /* PriorityQueueTest.swift in Sources */,
				1B2FA2271C4024F30050F1F8 /* TestArrow.swift in Sources */,
				1B2FA2261C4024F30050F1F8 /* TestUtils.swift in Sources */,
				1B2FA2221C4024D20050F1F8 /* CollectionNDTest.swift in Sources */,
			);
			runOnlyForDeploymentPostprocessing = 0;
		};
/* End PBXSourcesBuildPhase section */

/* Begin PBXTargetDependency section */
		1B2FA2041C4023FC0050F1F8 /* PBXTargetDependency */ = {
			isa = PBXTargetDependency;
			target = 1B2FA1F61C4023FC0050F1F8 /* FinderFramework */;
			targetProxy = 1B2FA2031C4023FC0050F1F8 /* PBXContainerItemProxy */;
		};
/* End PBXTargetDependency section */

/* Begin XCBuildConfiguration section */
		1B2FA2091C4023FC0050F1F8 /* Debug */ = {
			isa = XCBuildConfiguration;
			buildSettings = {
				ALWAYS_SEARCH_USER_PATHS = NO;
				CLANG_CXX_LANGUAGE_STANDARD = "gnu++0x";
				CLANG_CXX_LIBRARY = "libc++";
				CLANG_ENABLE_MODULES = YES;
				CLANG_ENABLE_OBJC_ARC = YES;
				CLANG_WARN_BOOL_CONVERSION = YES;
				CLANG_WARN_CONSTANT_CONVERSION = YES;
				CLANG_WARN_DIRECT_OBJC_ISA_USAGE = YES_ERROR;
				CLANG_WARN_EMPTY_BODY = YES;
				CLANG_WARN_ENUM_CONVERSION = YES;
				CLANG_WARN_INT_CONVERSION = YES;
				CLANG_WARN_OBJC_ROOT_CLASS = YES_ERROR;
				CLANG_WARN_UNREACHABLE_CODE = YES;
				CLANG_WARN__DUPLICATE_METHOD_MATCH = YES;
				"CODE_SIGN_IDENTITY[sdk=iphoneos*]" = "iPhone Developer";
				COPY_PHASE_STRIP = NO;
				CURRENT_PROJECT_VERSION = 1;
				DEBUG_INFORMATION_FORMAT = dwarf;
				ENABLE_STRICT_OBJC_MSGSEND = YES;
				ENABLE_TESTABILITY = YES;
				GCC_C_LANGUAGE_STANDARD = gnu99;
				GCC_DYNAMIC_NO_PIC = NO;
				GCC_NO_COMMON_BLOCKS = YES;
				GCC_OPTIMIZATION_LEVEL = 0;
				GCC_PREPROCESSOR_DEFINITIONS = (
					"DEBUG=1",
					"$(inherited)",
				);
				GCC_WARN_64_TO_32_BIT_CONVERSION = YES;
				GCC_WARN_ABOUT_RETURN_TYPE = YES_ERROR;
				GCC_WARN_UNDECLARED_SELECTOR = YES;
				GCC_WARN_UNINITIALIZED_AUTOS = YES_AGGRESSIVE;
				GCC_WARN_UNUSED_FUNCTION = YES;
				GCC_WARN_UNUSED_VARIABLE = YES;
				IPHONEOS_DEPLOYMENT_TARGET = 9.1;
				MTL_ENABLE_DEBUG_INFO = YES;
				ONLY_ACTIVE_ARCH = YES;
				SDKROOT = iphoneos;
				SWIFT_OPTIMIZATION_LEVEL = "-Onone";
				TARGETED_DEVICE_FAMILY = "1,2";
				VERSIONING_SYSTEM = "apple-generic";
				VERSION_INFO_PREFIX = "";
			};
			name = Debug;
		};
		1B2FA20A1C4023FC0050F1F8 /* Release */ = {
			isa = XCBuildConfiguration;
			buildSettings = {
				ALWAYS_SEARCH_USER_PATHS = NO;
				CLANG_CXX_LANGUAGE_STANDARD = "gnu++0x";
				CLANG_CXX_LIBRARY = "libc++";
				CLANG_ENABLE_MODULES = YES;
				CLANG_ENABLE_OBJC_ARC = YES;
				CLANG_WARN_BOOL_CONVERSION = YES;
				CLANG_WARN_CONSTANT_CONVERSION = YES;
				CLANG_WARN_DIRECT_OBJC_ISA_USAGE = YES_ERROR;
				CLANG_WARN_EMPTY_BODY = YES;
				CLANG_WARN_ENUM_CONVERSION = YES;
				CLANG_WARN_INT_CONVERSION = YES;
				CLANG_WARN_OBJC_ROOT_CLASS = YES_ERROR;
				CLANG_WARN_UNREACHABLE_CODE = YES;
				CLANG_WARN__DUPLICATE_METHOD_MATCH = YES;
				"CODE_SIGN_IDENTITY[sdk=iphoneos*]" = "iPhone Developer";
				COPY_PHASE_STRIP = NO;
				CURRENT_PROJECT_VERSION = 1;
				DEBUG_INFORMATION_FORMAT = "dwarf-with-dsym";
				ENABLE_NS_ASSERTIONS = NO;
				ENABLE_STRICT_OBJC_MSGSEND = YES;
				GCC_C_LANGUAGE_STANDARD = gnu99;
				GCC_NO_COMMON_BLOCKS = YES;
				GCC_WARN_64_TO_32_BIT_CONVERSION = YES;
				GCC_WARN_ABOUT_RETURN_TYPE = YES_ERROR;
				GCC_WARN_UNDECLARED_SELECTOR = YES;
				GCC_WARN_UNINITIALIZED_AUTOS = YES_AGGRESSIVE;
				GCC_WARN_UNUSED_FUNCTION = YES;
				GCC_WARN_UNUSED_VARIABLE = YES;
				IPHONEOS_DEPLOYMENT_TARGET = 9.1;
				MTL_ENABLE_DEBUG_INFO = NO;
				SDKROOT = iphoneos;
				TARGETED_DEVICE_FAMILY = "1,2";
				VALIDATE_PRODUCT = YES;
				VERSIONING_SYSTEM = "apple-generic";
				VERSION_INFO_PREFIX = "";
			};
			name = Release;
		};
		1B2FA20C1C4023FC0050F1F8 /* Debug */ = {
			isa = XCBuildConfiguration;
			buildSettings = {
				CLANG_ENABLE_MODULES = YES;
				DEFINES_MODULE = YES;
				DYLIB_COMPATIBILITY_VERSION = 1;
				DYLIB_CURRENT_VERSION = 1;
				DYLIB_INSTALL_NAME_BASE = "@rpath";
				INFOPLIST_FILE = FinderFramework/Info.plist;
				INSTALL_PATH = "$(LOCAL_LIBRARY_DIR)/Frameworks";
				LD_RUNPATH_SEARCH_PATHS = "$(inherited) @executable_path/Frameworks @loader_path/Frameworks";
				PRODUCT_BUNDLE_IDENTIFIER = yeah.FinderFramework;
				PRODUCT_NAME = "$(TARGET_NAME)";
				SKIP_INSTALL = YES;
				SWIFT_OPTIMIZATION_LEVEL = "-Onone";
			};
			name = Debug;
		};
		1B2FA20D1C4023FC0050F1F8 /* Release */ = {
			isa = XCBuildConfiguration;
			buildSettings = {
				CLANG_ENABLE_MODULES = YES;
				DEFINES_MODULE = YES;
				DYLIB_COMPATIBILITY_VERSION = 1;
				DYLIB_CURRENT_VERSION = 1;
				DYLIB_INSTALL_NAME_BASE = "@rpath";
				INFOPLIST_FILE = FinderFramework/Info.plist;
				INSTALL_PATH = "$(LOCAL_LIBRARY_DIR)/Frameworks";
				LD_RUNPATH_SEARCH_PATHS = "$(inherited) @executable_path/Frameworks @loader_path/Frameworks";
				PRODUCT_BUNDLE_IDENTIFIER = yeah.FinderFramework;
				PRODUCT_NAME = "$(TARGET_NAME)";
				SKIP_INSTALL = YES;
			};
			name = Release;
		};
		1B2FA20F1C4023FC0050F1F8 /* Debug */ = {
			isa = XCBuildConfiguration;
			buildSettings = {
				INFOPLIST_FILE = FinderFrameworkTests/Info.plist;
				LD_RUNPATH_SEARCH_PATHS = "$(inherited) @executable_path/Frameworks @loader_path/Frameworks";
				PRODUCT_BUNDLE_IDENTIFIER = yeah.FinderFrameworkTests;
				PRODUCT_NAME = "$(TARGET_NAME)";
			};
			name = Debug;
		};
		1B2FA2101C4023FC0050F1F8 /* Release */ = {
			isa = XCBuildConfiguration;
			buildSettings = {
				INFOPLIST_FILE = FinderFrameworkTests/Info.plist;
				LD_RUNPATH_SEARCH_PATHS = "$(inherited) @executable_path/Frameworks @loader_path/Frameworks";
				PRODUCT_BUNDLE_IDENTIFIER = yeah.FinderFrameworkTests;
				PRODUCT_NAME = "$(TARGET_NAME)";
			};
			name = Release;
		};
/* End XCBuildConfiguration section */

/* Begin XCConfigurationList section */
		1B2FA1F11C4023FC0050F1F8 /* Build configuration list for PBXProject "FinderFramework" */ = {
			isa = XCConfigurationList;
			buildConfigurations = (
				1B2FA2091C4023FC0050F1F8 /* Debug */,
				1B2FA20A1C4023FC0050F1F8 /* Release */,
			);
			defaultConfigurationIsVisible = 0;
			defaultConfigurationName = Release;
		};
		1B2FA20B1C4023FC0050F1F8 /* Build configuration list for PBXNativeTarget "FinderFramework" */ = {
			isa = XCConfigurationList;
			buildConfigurations = (
				1B2FA20C1C4023FC0050F1F8 /* Debug */,
				1B2FA20D1C4023FC0050F1F8 /* Release */,
			);
			defaultConfigurationIsVisible = 0;
		};
		1B2FA20E1C4023FC0050F1F8 /* Build configuration list for PBXNativeTarget "FinderFrameworkTests" */ = {
			isa = XCConfigurationList;
			buildConfigurations = (
				1B2FA20F1C4023FC0050F1F8 /* Debug */,
				1B2FA2101C4023FC0050F1F8 /* Release */,
			);
			defaultConfigurationIsVisible = 0;
		};
/* End XCConfigurationList section */
	};
	rootObject = 1B2FA1EE1C4023FC0050F1F8 /* Project object */;
}
